// !$*UTF8*$!
{
	archiveVersion = 1;
	classes = {
	};
	objectVersion = 46;
	objects = {

/* Begin PBXBuildFile section */
		359A8F4A1DEDCDC500D6B470 /* AppDelegate.swift in Sources */ = {isa = PBXBuildFile; fileRef = 359A8F3F1DEDCDC500D6B470 /* AppDelegate.swift */; };
		359A8F4B1DEDCDC500D6B470 /* Compatibility.swift in Sources */ = {isa = PBXBuildFile; fileRef = 359A8F401DEDCDC500D6B470 /* Compatibility.swift */; };
		359A8F4C1DEDCDC500D6B470 /* Assets.xcassets in Resources */ = {isa = PBXBuildFile; fileRef = 359A8F441DEDCDC500D6B470 /* Assets.xcassets */; };
		359A8F4E1DEDCDC500D6B470 /* Main.storyboard in Resources */ = {isa = PBXBuildFile; fileRef = 359A8F461DEDCDC500D6B470 /* Main.storyboard */; };
		359A8F4F1DEDCDC500D6B470 /* OMGradientLayerViewController.swift in Sources */ = {isa = PBXBuildFile; fileRef = 359A8F471DEDCDC500D6B470 /* OMGradientLayerViewController.swift */; };
		359A8F501DEDCDC500D6B470 /* OMGradientView.swift in Sources */ = {isa = PBXBuildFile; fileRef = 359A8F481DEDCDC500D6B470 /* OMGradientView.swift */; };
		359A8F511DEDCDC500D6B470 /* UIBezierPath+Polygon.swift in Sources */ = {isa = PBXBuildFile; fileRef = 359A8F491DEDCDC500D6B470 /* UIBezierPath+Polygon.swift */; };
		359A8F541DEDCE3200D6B470 /* OMTextLayer.swift in Sources */ = {isa = PBXBuildFile; fileRef = 359A8F531DEDCE3200D6B470 /* OMTextLayer.swift */; };
		359A8F6D1DEEF10800D6B470 /* CALayer+AnimationKeyPath.swift in Sources */ = {isa = PBXBuildFile; fileRef = 359A8F581DEEF10800D6B470 /* CALayer+AnimationKeyPath.swift */; };
		359A8F6E1DEEF10800D6B470 /* CGAffineTransform+Extensions.swift in Sources */ = {isa = PBXBuildFile; fileRef = 359A8F591DEEF10800D6B470 /* CGAffineTransform+Extensions.swift */; };
		359A8F6F1DEEF10800D6B470 /* CGColorSpace+Extension.swift in Sources */ = {isa = PBXBuildFile; fileRef = 359A8F5A1DEEF10800D6B470 /* CGColorSpace+Extension.swift */; };
		359A8F701DEEF10800D6B470 /* CGFloat+Extensions.swift in Sources */ = {isa = PBXBuildFile; fileRef = 359A8F5B1DEEF10800D6B470 /* CGFloat+Extensions.swift */; };
		359A8F711DEEF10800D6B470 /* CGFloat+Math.swift in Sources */ = {isa = PBXBuildFile; fileRef = 359A8F5C1DEEF10800D6B470 /* CGFloat+Math.swift */; };
		359A8F721DEEF10800D6B470 /* CGPoint+Extension.swift in Sources */ = {isa = PBXBuildFile; fileRef = 359A8F5D1DEEF10800D6B470 /* CGPoint+Extension.swift */; };
		359A8F731DEEF10800D6B470 /* CGSize+Math.swift in Sources */ = {isa = PBXBuildFile; fileRef = 359A8F5E1DEEF10800D6B470 /* CGSize+Math.swift */; };
		359A8F741DEEF10800D6B470 /* Double+Math.swift in Sources */ = {isa = PBXBuildFile; fileRef = 359A8F5F1DEEF10800D6B470 /* Double+Math.swift */; };
		359A8F751DEEF10800D6B470 /* Float+Extensions.swift in Sources */ = {isa = PBXBuildFile; fileRef = 359A8F601DEEF10800D6B470 /* Float+Extensions.swift */; };
		359A8F761DEEF10800D6B470 /* Float+Math.swift in Sources */ = {isa = PBXBuildFile; fileRef = 359A8F611DEEF10800D6B470 /* Float+Math.swift */; };
		359A8F771DEEF10800D6B470 /* UIColor+Extensions.swift in Sources */ = {isa = PBXBuildFile; fileRef = 359A8F621DEEF10800D6B470 /* UIColor+Extensions.swift */; };
		359A8F781DEEF10800D6B470 /* UIColor+Interpolation.swift in Sources */ = {isa = PBXBuildFile; fileRef = 359A8F631DEEF10800D6B470 /* UIColor+Interpolation.swift */; };
		359A8F791DEEF10800D6B470 /* Easing.swift in Sources */ = {isa = PBXBuildFile; fileRef = 359A8F651DEEF10800D6B470 /* Easing.swift */; };
		359A8F7A1DEEF10800D6B470 /* Interpolation.swift in Sources */ = {isa = PBXBuildFile; fileRef = 359A8F661DEEF10800D6B470 /* Interpolation.swift */; };
		359A8F7B1DEEF10800D6B470 /* Math.swift in Sources */ = {isa = PBXBuildFile; fileRef = 359A8F671DEEF10800D6B470 /* Math.swift */; };
		359A8F7C1DEEF10800D6B470 /* OMCGGradientLayer.swift in Sources */ = {isa = PBXBuildFile; fileRef = 359A8F681DEEF10800D6B470 /* OMCGGradientLayer.swift */; };
		359A8F7D1DEEF10800D6B470 /* OMGradient.swift in Sources */ = {isa = PBXBuildFile; fileRef = 359A8F691DEEF10800D6B470 /* OMGradient.swift */; };
		359A8F7E1DEEF10800D6B470 /* OMGradientLayer.swift in Sources */ = {isa = PBXBuildFile; fileRef = 359A8F6A1DEEF10800D6B470 /* OMGradientLayer.swift */; };
		359A8F7F1DEEF10800D6B470 /* OMGradientLayerProtocols.swift in Sources */ = {isa = PBXBuildFile; fileRef = 359A8F6B1DEEF10800D6B470 /* OMGradientLayerProtocols.swift */; };
		359A8F801DEEF10800D6B470 /* OMLog.swift in Sources */ = {isa = PBXBuildFile; fileRef = 359A8F6C1DEEF10800D6B470 /* OMLog.swift */; };
/* End PBXBuildFile section */

/* Begin PBXFileReference section */
		359A8F3F1DEDCDC500D6B470 /* AppDelegate.swift */ = {isa = PBXFileReference; fileEncoding = 4; lastKnownFileType = sourcecode.swift; path = AppDelegate.swift; sourceTree = "<group>"; };
		359A8F401DEDCDC500D6B470 /* Compatibility.swift */ = {isa = PBXFileReference; fileEncoding = 4; lastKnownFileType = sourcecode.swift; path = Compatibility.swift; sourceTree = "<group>"; };
		359A8F441DEDCDC500D6B470 /* Assets.xcassets */ = {isa = PBXFileReference; lastKnownFileType = folder.assetcatalog; path = Assets.xcassets; sourceTree = "<group>"; };
		359A8F461DEDCDC500D6B470 /* Main.storyboard */ = {isa = PBXFileReference; fileEncoding = 4; lastKnownFileType = file.storyboard; path = Main.storyboard; sourceTree = "<group>"; };
		359A8F471DEDCDC500D6B470 /* OMGradientLayerViewController.swift */ = {isa = PBXFileReference; fileEncoding = 4; lastKnownFileType = sourcecode.swift; path = OMGradientLayerViewController.swift; sourceTree = "<group>"; };
		359A8F481DEDCDC500D6B470 /* OMGradientView.swift */ = {isa = PBXFileReference; fileEncoding = 4; lastKnownFileType = sourcecode.swift; path = OMGradientView.swift; sourceTree = "<group>"; };
		359A8F491DEDCDC500D6B470 /* UIBezierPath+Polygon.swift */ = {isa = PBXFileReference; fileEncoding = 4; lastKnownFileType = sourcecode.swift; path = "UIBezierPath+Polygon.swift"; sourceTree = "<group>"; };
		359A8F531DEDCE3200D6B470 /* OMTextLayer.swift */ = {isa = PBXFileReference; fileEncoding = 4; lastKnownFileType = sourcecode.swift; path = OMTextLayer.swift; sourceTree = "<group>"; };
		359A8F581DEEF10800D6B470 /* CALayer+AnimationKeyPath.swift */ = {isa = PBXFileReference; fileEncoding = 4; lastKnownFileType = sourcecode.swift; path = "CALayer+AnimationKeyPath.swift"; sourceTree = "<group>"; };
		359A8F591DEEF10800D6B470 /* CGAffineTransform+Extensions.swift */ = {isa = PBXFileReference; fileEncoding = 4; lastKnownFileType = sourcecode.swift; path = "CGAffineTransform+Extensions.swift"; sourceTree = "<group>"; };
		359A8F5A1DEEF10800D6B470 /* CGColorSpace+Extension.swift */ = {isa = PBXFileReference; fileEncoding = 4; lastKnownFileType = sourcecode.swift; path = "CGColorSpace+Extension.swift"; sourceTree = "<group>"; };
		359A8F5B1DEEF10800D6B470 /* CGFloat+Extensions.swift */ = {isa = PBXFileReference; fileEncoding = 4; lastKnownFileType = sourcecode.swift; path = "CGFloat+Extensions.swift"; sourceTree = "<group>"; };
		359A8F5C1DEEF10800D6B470 /* CGFloat+Math.swift */ = {isa = PBXFileReference; fileEncoding = 4; lastKnownFileType = sourcecode.swift; path = "CGFloat+Math.swift"; sourceTree = "<group>"; };
		359A8F5D1DEEF10800D6B470 /* CGPoint+Extension.swift */ = {isa = PBXFileReference; fileEncoding = 4; lastKnownFileType = sourcecode.swift; path = "CGPoint+Extension.swift"; sourceTree = "<group>"; };
		359A8F5E1DEEF10800D6B470 /* CGSize+Math.swift */ = {isa = PBXFileReference; fileEncoding = 4; lastKnownFileType = sourcecode.swift; path = "CGSize+Math.swift"; sourceTree = "<group>"; };
		359A8F5F1DEEF10800D6B470 /* Double+Math.swift */ = {isa = PBXFileReference; fileEncoding = 4; lastKnownFileType = sourcecode.swift; path = "Double+Math.swift"; sourceTree = "<group>"; };
		359A8F601DEEF10800D6B470 /* Float+Extensions.swift */ = {isa = PBXFileReference; fileEncoding = 4; lastKnownFileType = sourcecode.swift; path = "Float+Extensions.swift"; sourceTree = "<group>"; };
		359A8F611DEEF10800D6B470 /* Float+Math.swift */ = {isa = PBXFileReference; fileEncoding = 4; lastKnownFileType = sourcecode.swift; path = "Float+Math.swift"; sourceTree = "<group>"; };
		359A8F621DEEF10800D6B470 /* UIColor+Extensions.swift */ = {isa = PBXFileReference; fileEncoding = 4; lastKnownFileType = sourcecode.swift; path = "UIColor+Extensions.swift"; sourceTree = "<group>"; };
		359A8F631DEEF10800D6B470 /* UIColor+Interpolation.swift */ = {isa = PBXFileReference; fileEncoding = 4; lastKnownFileType = sourcecode.swift; path = "UIColor+Interpolation.swift"; sourceTree = "<group>"; };
		359A8F651DEEF10800D6B470 /* Easing.swift */ = {isa = PBXFileReference; fileEncoding = 4; lastKnownFileType = sourcecode.swift; path = Easing.swift; sourceTree = "<group>"; };
		359A8F661DEEF10800D6B470 /* Interpolation.swift */ = {isa = PBXFileReference; fileEncoding = 4; lastKnownFileType = sourcecode.swift; path = Interpolation.swift; sourceTree = "<group>"; };
		359A8F671DEEF10800D6B470 /* Math.swift */ = {isa = PBXFileReference; fileEncoding = 4; lastKnownFileType = sourcecode.swift; path = Math.swift; sourceTree = "<group>"; };
		359A8F681DEEF10800D6B470 /* OMCGGradientLayer.swift */ = {isa = PBXFileReference; fileEncoding = 4; lastKnownFileType = sourcecode.swift; path = OMCGGradientLayer.swift; sourceTree = "<group>"; };
		359A8F691DEEF10800D6B470 /* OMGradient.swift */ = {isa = PBXFileReference; fileEncoding = 4; lastKnownFileType = sourcecode.swift; path = OMGradient.swift; sourceTree = "<group>"; };
		359A8F6A1DEEF10800D6B470 /* OMGradientLayer.swift */ = {isa = PBXFileReference; fileEncoding = 4; lastKnownFileType = sourcecode.swift; path = OMGradientLayer.swift; sourceTree = "<group>"; };
		359A8F6B1DEEF10800D6B470 /* OMGradientLayerProtocols.swift */ = {isa = PBXFileReference; fileEncoding = 4; lastKnownFileType = sourcecode.swift; path = OMGradientLayerProtocols.swift; sourceTree = "<group>"; };
		359A8F6C1DEEF10800D6B470 /* OMLog.swift */ = {isa = PBXFileReference; fileEncoding = 4; lastKnownFileType = sourcecode.swift; path = OMLog.swift; sourceTree = "<group>"; };
		D247910F1A36BB95007AC991 /* ExampleText.app */ = {isa = PBXFileReference; explicitFileType = wrapper.application; includeInIndex = 0; path = ExampleText.app; sourceTree = BUILT_PRODUCTS_DIR; };
/* End PBXFileReference section */

/* Begin PBXFrameworksBuildPhase section */
		D247910C1A36BB95007AC991 /* Frameworks */ = {
			isa = PBXFrameworksBuildPhase;
			buildActionMask = 2147483647;
			files = (
			);
			runOnlyForDeploymentPostprocessing = 0;
		};
/* End PBXFrameworksBuildPhase section */

/* Begin PBXGroup section */
		359A8F3E1DEDCDC500D6B470 /* ExampleText */ = {
			isa = PBXGroup;
			children = (
				359A8F521DEDCE3200D6B470 /* OMTextLayer */,
				359A8F3F1DEDCDC500D6B470 /* AppDelegate.swift */,
				359A8F401DEDCDC500D6B470 /* Compatibility.swift */,
				359A8F441DEDCDC500D6B470 /* Assets.xcassets */,
				359A8F461DEDCDC500D6B470 /* Main.storyboard */,
				359A8F471DEDCDC500D6B470 /* OMGradientLayerViewController.swift */,
				359A8F481DEDCDC500D6B470 /* OMGradientView.swift */,
				359A8F491DEDCDC500D6B470 /* UIBezierPath+Polygon.swift */,
			);
			name = ExampleText;
			sourceTree = "<group>";
		};
		359A8F521DEDCE3200D6B470 /* OMTextLayer */ = {
			isa = PBXGroup;
			children = (
				359A8F531DEDCE3200D6B470 /* OMTextLayer.swift */,
			);
			path = OMTextLayer;
			sourceTree = "<group>";
		};
		359A8F551DEEF10800D6B470 /* OMCGGradientLayer */ = {
			isa = PBXGroup;
			children = (
				359A8F561DEEF10800D6B470 /* Classes */,
			);
			name = OMCGGradientLayer;
			path = ../OMCGGradientLayer;
			sourceTree = "<group>";
		};
		359A8F561DEEF10800D6B470 /* Classes */ = {
			isa = PBXGroup;
			children = (
				359A8F571DEEF10800D6B470 /* Extensions */,
				359A8F641DEEF10800D6B470 /* Math */,
				359A8F681DEEF10800D6B470 /* OMCGGradientLayer.swift */,
				359A8F691DEEF10800D6B470 /* OMGradient.swift */,
				359A8F6A1DEEF10800D6B470 /* OMGradientLayer.swift */,
				359A8F6B1DEEF10800D6B470 /* OMGradientLayerProtocols.swift */,
				359A8F6C1DEEF10800D6B470 /* OMLog.swift */,
			);
			path = Classes;
			sourceTree = "<group>";
		};
		359A8F571DEEF10800D6B470 /* Extensions */ = {
			isa = PBXGroup;
			children = (
				359A8F581DEEF10800D6B470 /* CALayer+AnimationKeyPath.swift */,
				359A8F591DEEF10800D6B470 /* CGAffineTransform+Extensions.swift */,
				359A8F5A1DEEF10800D6B470 /* CGColorSpace+Extension.swift */,
				359A8F5B1DEEF10800D6B470 /* CGFloat+Extensions.swift */,
				359A8F5C1DEEF10800D6B470 /* CGFloat+Math.swift */,
				359A8F5D1DEEF10800D6B470 /* CGPoint+Extension.swift */,
				359A8F5E1DEEF10800D6B470 /* CGSize+Math.swift */,
				359A8F5F1DEEF10800D6B470 /* Double+Math.swift */,
				359A8F601DEEF10800D6B470 /* Float+Extensions.swift */,
				359A8F611DEEF10800D6B470 /* Float+Math.swift */,
				359A8F621DEEF10800D6B470 /* UIColor+Extensions.swift */,
				359A8F631DEEF10800D6B470 /* UIColor+Interpolation.swift */,
			);
			path = Extensions;
			sourceTree = "<group>";
		};
		359A8F641DEEF10800D6B470 /* Math */ = {
			isa = PBXGroup;
			children = (
				359A8F651DEEF10800D6B470 /* Easing.swift */,
				359A8F661DEEF10800D6B470 /* Interpolation.swift */,
				359A8F671DEEF10800D6B470 /* Math.swift */,
			);
			path = Math;
			sourceTree = "<group>";
		};
		D24791061A36BB95007AC991 = {
			isa = PBXGroup;
			children = (
				359A8F551DEEF10800D6B470 /* OMCGGradientLayer */,
				359A8F3E1DEDCDC500D6B470 /* ExampleText */,
				D24791101A36BB95007AC991 /* Products */,
			);
			sourceTree = "<group>";
		};
		D24791101A36BB95007AC991 /* Products */ = {
			isa = PBXGroup;
			children = (
				D247910F1A36BB95007AC991 /* ExampleText.app */,
			);
			name = Products;
			sourceTree = "<group>";
		};
/* End PBXGroup section */

/* Begin PBXNativeTarget section */
		D247910E1A36BB95007AC991 /* ExampleText */ = {
			isa = PBXNativeTarget;
			buildConfigurationList = D247912E1A36BB95007AC991 /* Build configuration list for PBXNativeTarget "ExampleText" */;
			buildPhases = (
				D247910B1A36BB95007AC991 /* Sources */,
				D247910C1A36BB95007AC991 /* Frameworks */,
				D247910D1A36BB95007AC991 /* Resources */,
			);
			buildRules = (
			);
			dependencies = (
			);
			name = ExampleText;
			productName = ExampleSwift;
			productReference = D247910F1A36BB95007AC991 /* ExampleText.app */;
			productType = "com.apple.product-type.application";
		};
/* End PBXNativeTarget section */

/* Begin PBXProject section */
		D24791071A36BB95007AC991 /* Project object */ = {
			isa = PBXProject;
			attributes = {
				LastSwiftUpdateCheck = 0730;
				LastUpgradeCheck = 0940;
				ORGANIZATIONNAME = "Jorge Ouahbi";
				TargetAttributes = {
					D247910E1A36BB95007AC991 = {
						CreatedOnToolsVersion = 6.1.1;
						LastSwiftMigration = 0940;
						ProvisioningStyle = Manual;
					};
				};
			};
			buildConfigurationList = D247910A1A36BB95007AC991 /* Build configuration list for PBXProject "ExampleText" */;
			compatibilityVersion = "Xcode 3.2";
			developmentRegion = English;
			hasScannedForEncodings = 0;
			knownRegions = (
				en,
				Base,
			);
			mainGroup = D24791061A36BB95007AC991;
			productRefGroup = D24791101A36BB95007AC991 /* Products */;
			projectDirPath = "";
			projectRoot = "";
			targets = (
				D247910E1A36BB95007AC991 /* ExampleText */,
			);
		};
/* End PBXProject section */

/* Begin PBXResourcesBuildPhase section */
		D247910D1A36BB95007AC991 /* Resources */ = {
			isa = PBXResourcesBuildPhase;
			buildActionMask = 2147483647;
			files = (
				359A8F4E1DEDCDC500D6B470 /* Main.storyboard in Resources */,
				359A8F4C1DEDCDC500D6B470 /* Assets.xcassets in Resources */,
			);
			runOnlyForDeploymentPostprocessing = 0;
		};
/* End PBXResourcesBuildPhase section */

/* Begin PBXSourcesBuildPhase section */
		D247910B1A36BB95007AC991 /* Sources */ = {
			isa = PBXSourcesBuildPhase;
			buildActionMask = 2147483647;
			files = (
				359A8F4F1DEDCDC500D6B470 /* OMGradientLayerViewController.swift in Sources */,
				359A8F791DEEF10800D6B470 /* Easing.swift in Sources */,
				359A8F801DEEF10800D6B470 /* OMLog.swift in Sources */,
				359A8F541DEDCE3200D6B470 /* OMTextLayer.swift in Sources */,
				359A8F721DEEF10800D6B470 /* CGPoint+Extension.swift in Sources */,
				359A8F7F1DEEF10800D6B470 /* OMGradientLayerProtocols.swift in Sources */,
				359A8F511DEDCDC500D6B470 /* UIBezierPath+Polygon.swift in Sources */,
				359A8F741DEEF10800D6B470 /* Double+Math.swift in Sources */,
				359A8F6E1DEEF10800D6B470 /* CGAffineTransform+Extensions.swift in Sources */,
				359A8F7C1DEEF10800D6B470 /* OMCGGradientLayer.swift in Sources */,
				359A8F761DEEF10800D6B470 /* Float+Math.swift in Sources */,
				359A8F4B1DEDCDC500D6B470 /* Compatibility.swift in Sources */,
				359A8F6D1DEEF10800D6B470 /* CALayer+AnimationKeyPath.swift in Sources */,
				359A8F7A1DEEF10800D6B470 /* Interpolation.swift in Sources */,
				359A8F701DEEF10800D6B470 /* CGFloat+Extensions.swift in Sources */,
				359A8F711DEEF10800D6B470 /* CGFloat+Math.swift in Sources */,
				359A8F751DEEF10800D6B470 /* Float+Extensions.swift in Sources */,
				359A8F7E1DEEF10800D6B470 /* OMGradientLayer.swift in Sources */,
				359A8F7D1DEEF10800D6B470 /* OMGradient.swift in Sources */,
				359A8F781DEEF10800D6B470 /* UIColor+Interpolation.swift in Sources */,
				359A8F731DEEF10800D6B470 /* CGSize+Math.swift in Sources */,
				359A8F6F1DEEF10800D6B470 /* CGColorSpace+Extension.swift in Sources */,
				359A8F7B1DEEF10800D6B470 /* Math.swift in Sources */,
				359A8F501DEDCDC500D6B470 /* OMGradientView.swift in Sources */,
				359A8F771DEEF10800D6B470 /* UIColor+Extensions.swift in Sources */,
				359A8F4A1DEDCDC500D6B470 /* AppDelegate.swift in Sources */,
			);
			runOnlyForDeploymentPostprocessing = 0;
		};
/* End PBXSourcesBuildPhase section */

/* Begin XCBuildConfiguration section */
		D247912C1A36BB95007AC991 /* Debug */ = {
			isa = XCBuildConfiguration;
			buildSettings = {
				ALWAYS_SEARCH_USER_PATHS = NO;
				CLANG_CXX_LANGUAGE_STANDARD = "gnu++0x";
				CLANG_CXX_LIBRARY = "libc++";
				CLANG_ENABLE_MODULES = YES;
				CLANG_ENABLE_OBJC_ARC = YES;
				CLANG_WARN_BLOCK_CAPTURE_AUTORELEASING = YES;
				CLANG_WARN_BOOL_CONVERSION = YES;
				CLANG_WARN_COMMA = YES;
				CLANG_WARN_CONSTANT_CONVERSION = YES;
				CLANG_WARN_DEPRECATED_OBJC_IMPLEMENTATIONS = YES;
				CLANG_WARN_DIRECT_OBJC_ISA_USAGE = YES_ERROR;
				CLANG_WARN_EMPTY_BODY = YES;
				CLANG_WARN_ENUM_CONVERSION = YES;
				CLANG_WARN_INFINITE_RECURSION = YES;
				CLANG_WARN_INT_CONVERSION = YES;
				CLANG_WARN_NON_LITERAL_NULL_CONVERSION = YES;
				CLANG_WARN_OBJC_IMPLICIT_RETAIN_SELF = YES;
				CLANG_WARN_OBJC_LITERAL_CONVERSION = YES;
				CLANG_WARN_OBJC_ROOT_CLASS = YES_ERROR;
				CLANG_WARN_RANGE_LOOP_ANALYSIS = YES;
				CLANG_WARN_STRICT_PROTOTYPES = YES;
				CLANG_WARN_SUSPICIOUS_MOVE = YES;
				CLANG_WARN_UNREACHABLE_CODE = YES;
				CLANG_WARN__DUPLICATE_METHOD_MATCH = YES;
				"CODE_SIGN_IDENTITY[sdk=iphoneos*]" = "iPhone Developer";
				COPY_PHASE_STRIP = NO;
				ENABLE_STRICT_OBJC_MSGSEND = YES;
				ENABLE_TESTABILITY = YES;
				FRAMEWORK_SEARCH_PATHS = "$(SRCROOT)/**";
				GCC_C_LANGUAGE_STANDARD = gnu99;
				GCC_DYNAMIC_NO_PIC = NO;
				GCC_NO_COMMON_BLOCKS = YES;
				GCC_OPTIMIZATION_LEVEL = 0;
				GCC_PREPROCESSOR_DEFINITIONS = (
					"DEBUG=1",
					"$(inherited)",
				);
				GCC_SYMBOLS_PRIVATE_EXTERN = NO;
				GCC_WARN_64_TO_32_BIT_CONVERSION = YES;
				GCC_WARN_ABOUT_RETURN_TYPE = YES_ERROR;
				GCC_WARN_UNDECLARED_SELECTOR = YES;
				GCC_WARN_UNINITIALIZED_AUTOS = YES_AGGRESSIVE;
				GCC_WARN_UNUSED_FUNCTION = YES;
				GCC_WARN_UNUSED_VARIABLE = YES;
				IPHONEOS_DEPLOYMENT_TARGET = 10.1;
				MTL_ENABLE_DEBUG_INFO = YES;
				ONLY_ACTIVE_ARCH = YES;
				SDKROOT = iphoneos;
				SWIFT_OPTIMIZATION_LEVEL = "-Onone";
				TARGETED_DEVICE_FAMILY = "1,2";
			};
			name = Debug;
		};
		D247912D1A36BB95007AC991 /* Release */ = {
			isa = XCBuildConfiguration;
			buildSettings = {
				ALWAYS_SEARCH_USER_PATHS = NO;
				CLANG_CXX_LANGUAGE_STANDARD = "gnu++0x";
				CLANG_CXX_LIBRARY = "libc++";
				CLANG_ENABLE_MODULES = YES;
				CLANG_ENABLE_OBJC_ARC = YES;
				CLANG_WARN_BLOCK_CAPTURE_AUTORELEASING = YES;
				CLANG_WARN_BOOL_CONVERSION = YES;
				CLANG_WARN_COMMA = YES;
				CLANG_WARN_CONSTANT_CONVERSION = YES;
				CLANG_WARN_DEPRECATED_OBJC_IMPLEMENTATIONS = YES;
				CLANG_WARN_DIRECT_OBJC_ISA_USAGE = YES_ERROR;
				CLANG_WARN_EMPTY_BODY = YES;
				CLANG_WARN_ENUM_CONVERSION = YES;
				CLANG_WARN_INFINITE_RECURSION = YES;
				CLANG_WARN_INT_CONVERSION = YES;
				CLANG_WARN_NON_LITERAL_NULL_CONVERSION = YES;
				CLANG_WARN_OBJC_IMPLICIT_RETAIN_SELF = YES;
				CLANG_WARN_OBJC_LITERAL_CONVERSION = YES;
				CLANG_WARN_OBJC_ROOT_CLASS = YES_ERROR;
				CLANG_WARN_RANGE_LOOP_ANALYSIS = YES;
				CLANG_WARN_STRICT_PROTOTYPES = YES;
				CLANG_WARN_SUSPICIOUS_MOVE = YES;
				CLANG_WARN_UNREACHABLE_CODE = YES;
				CLANG_WARN__DUPLICATE_METHOD_MATCH = YES;
				"CODE_SIGN_IDENTITY[sdk=iphoneos*]" = "iPhone Developer";
				COPY_PHASE_STRIP = YES;
				ENABLE_NS_ASSERTIONS = NO;
				ENABLE_STRICT_OBJC_MSGSEND = YES;
				FRAMEWORK_SEARCH_PATHS = "$(SRCROOT)/**";
				GCC_C_LANGUAGE_STANDARD = gnu99;
				GCC_NO_COMMON_BLOCKS = YES;
				GCC_WARN_64_TO_32_BIT_CONVERSION = YES;
				GCC_WARN_ABOUT_RETURN_TYPE = YES_ERROR;
				GCC_WARN_UNDECLARED_SELECTOR = YES;
				GCC_WARN_UNINITIALIZED_AUTOS = YES_AGGRESSIVE;
				GCC_WARN_UNUSED_FUNCTION = YES;
				GCC_WARN_UNUSED_VARIABLE = YES;
				IPHONEOS_DEPLOYMENT_TARGET = 10.1;
				MTL_ENABLE_DEBUG_INFO = NO;
				SDKROOT = iphoneos;
				SWIFT_OPTIMIZATION_LEVEL = "-Owholemodule";
				TARGETED_DEVICE_FAMILY = "1,2";
				VALIDATE_PRODUCT = YES;
			};
			name = Release;
		};
		D247912F1A36BB95007AC991 /* Debug */ = {
			isa = XCBuildConfiguration;
			buildSettings = {
				ASSETCATALOG_COMPILER_APPICON_NAME = AppIcon;
				CLANG_ENABLE_MODULES = YES;
				CODE_SIGN_IDENTITY = "iPhone Developer";
				"CODE_SIGN_IDENTITY[sdk=iphoneos*]" = "iPhone Developer";
				DEVELOPMENT_TEAM = "";
				FRAMEWORK_SEARCH_PATHS = "$(SRCROOT)/**";
				INFOPLIST_FILE = "$(SRCROOT)/Info.plist";
				IPHONEOS_DEPLOYMENT_TARGET = 10.1;
				LD_RUNPATH_SEARCH_PATHS = "$(inherited) @executable_path/Frameworks";
				OTHER_SWIFT_FLAGS = "-D DEBUG -D VERBOSE";
				PRODUCT_BUNDLE_IDENTIFIER = jom.ExampleText;
				PRODUCT_NAME = ExampleText;
				PROVISIONING_PROFILE = "";
				SWIFT_OPTIMIZATION_LEVEL = "-Onone";
				SWIFT_VERSION = 4.0;
			};
			name = Debug;
		};
		D24791301A36BB95007AC991 /* Release */ = {
			isa = XCBuildConfiguration;
			buildSettings = {
				ASSETCATALOG_COMPILER_APPICON_NAME = AppIcon;
				CLANG_ENABLE_MODULES = YES;
				CODE_SIGN_IDENTITY = "iPhone Developer";
				"CODE_SIGN_IDENTITY[sdk=iphoneos*]" = "iPhone Developer";
				DEVELOPMENT_TEAM = "";
				FRAMEWORK_SEARCH_PATHS = "$(SRCROOT)/**";
				INFOPLIST_FILE = "$(SRCROOT)/Info.plist";
				IPHONEOS_DEPLOYMENT_TARGET = 10.1;
				LD_RUNPATH_SEARCH_PATHS = "$(inherited) @executable_path/Frameworks";
				OTHER_SWIFT_FLAGS = "-D DEBUG -D VERBOSE";
				PRODUCT_BUNDLE_IDENTIFIER = jom.ExampleText;
				PRODUCT_NAME = ExampleText;
				PROVISIONING_PROFILE = "";
				SWIFT_VERSION = 4.0;
			};
			name = Release;
		};
/* End XCBuildConfiguration section */

/* Begin XCConfigurationList section */
		D247910A1A36BB95007AC991 /* Build configuration list for PBXProject "ExampleText" */ = {
			isa = XCConfigurationList;
			buildConfigurations = (
				D247912C1A36BB95007AC991 /* Debug */,
				D247912D1A36BB95007AC991 /* Release */,
			);
			defaultConfigurationIsVisible = 0;
			defaultConfigurationName = Release;
		};
		D247912E1A36BB95007AC991 /* Build configuration list for PBXNativeTarget "ExampleText" */ = {
			isa = XCConfigurationList;
			buildConfigurations = (
				D247912F1A36BB95007AC991 /* Debug */,
				D24791301A36BB95007AC991 /* Release */,
			);
			defaultConfigurationIsVisible = 0;
			defaultConfigurationName = Release;
		};
/* End XCConfigurationList section */
	};
	rootObject = D24791071A36BB95007AC991 /* Project object */;
}
